{
  "name": "orchid-codex-sdk-bridge",
  "lockfileVersion": 3,
  "requires": true,
  "packages": {
    "": {
      "name": "orchid-codex-sdk-bridge",
      "dependencies": {
        "@openai/codex": "0.111.0",
        "@openai/codex-sdk": "0.111.0"
      }
    },
    "node_modules/@openai/codex": {
      "version": "0.111.0",
      "resolved": "https://registry.npmjs.org/@openai/codex/-/codex-0.111.0.tgz",
      "integrity": "sha512-69Mw8//xBEHIgQ11tlYbz7HI2kndOs9GNnMVGzmTgsR48x2ZyYiZR1n4z2M+aR0A9BoarGxPIcbu2aEzVP/L0g==",
      "bin": {
        "codex": "bin/codex.js"
      },
      "engines": {
        "node": ">=16"
      },
      "optionalDependencies": {
        "@openai/codex-darwin-arm64": "npm:@openai/codex@0.111.0-darwin-arm64",
        "@openai/codex-darwin-x64": "npm:@openai/codex@0.111.0-darwin-x64",
        "@openai/codex-linux-arm64": "npm:@openai/codex@0.111.0-linux-arm64",
        "@openai/codex-linux-x64": "npm:@openai/codex@0.111.0-linux-x64",
        "@openai/codex-win32-arm64": "npm:@openai/codex@0.111.0-win32-arm64",
        "@openai/codex-win32-x64": "npm:@openai/codex@0.111.0-win32-x64"
      }
    },
    "node_modules/@openai/codex-darwin-arm64": {
      "name": "@openai/codex",
      "version": "0.111.0-darwin-arm64",
      "resolved": "https://registry.npmjs.org/@openai/codex/-/codex-0.111.0-darwin-arm64.tgz",
      "integrity": "sha512-g8QkNUqacCUs7aU/Yd+gtiDlVV6sYyQl9tjBGgwjdfHCdmSKD47tD2tWRugXZ4D/uEe/6RxlUv65JnU5V0PW8A==",
      "cpu": [
        "arm64"
      ],
      "optional": true,
      "os": [
        "darwin"
      ],
      "engines": {
        "node": ">=16"
      }
    },
    "node_modules/@openai/codex-darwin-x64": {
      "name": "@openai/codex",
      "version": "0.111.0-darwin-x64",
      "resolved": "https://registry.npmjs.org/@openai/codex/-/codex-0.111.0-darwin-x64.tgz",
      "integrity": "sha512-WfjErI0IWMSu17XoiPstvph6MX2wFZd9zrwKCWkYLrN68mNYKfBgZE7pSCb9Z3nxVMbaphq8jhf0kImCWCsatQ==",
      "cpu": [
        "x64"
      ],
      "optional": true,
      "os": [
        "darwin"
      ],
      "engines": {
        "node": ">=16"
      }
    },
    "node_modules/@openai/codex-linux-arm64": {
      "name": "@openai/codex",
      "version": "0.111.0-linux-arm64",
      "resolved": "https://registry.npmjs.org/@openai/codex/-/codex-0.111.0-linux-arm64.tgz",
      "integrity": "sha512-/ABn3UhcbnJEhRNUH/BUcG/lr2n/CeacyXORWpHScNkkjMPUOkyNudUOyuoZjwybHU2PAmbpLIf5exXVNRvu2g==",
      "cpu": [
        "arm64"
      ],
      "optional": true,
      "os": [
        "linux"
      ],
      "engines": {
        "node": ">=16"
      }
    },
    "node_modules/@openai/codex-linux-x64": {
      "name": "@openai/codex",
      "version": "0.111.0-linux-x64",
      "resolved": "https://registry.npmjs.org/@openai/codex/-/codex-0.111.0-linux-x64.tgz",
      "integrity": "sha512-Cj82IUWtHkqMw3JpODGnkL9lyHhGLIAMHU9+3CosKLtOHUB4A9W3zKEBJrrlsi6QruvYVWrb/7t/xGb82fna0Q==",
      "cpu": [
        "x64"
      ],
      "optional": true,
      "os": [
        "linux"
      ],
      "engines": {
        "node": ">=16"
      }
    },
    "node_modules/@openai/codex-sdk": {
      "version": "0.111.0",
      "resolved": "https://registry.npmjs.org/@openai/codex-sdk/-/codex-sdk-0.111.0.tgz",
      "integrity": "sha512-f2PwDGZfw5PSlD49T+Bh3ozEx2SwDaJFiETnPA+amDYeTTTp71RmBCLwg0MDlNJY3clBlpdh9IMkeGY+D008ng==",
      "dependencies": {
        "@openai/codex": "0.111.0"
      },
      "engines": {
        "node": ">=18"
      }
    },
    "node_modules/@openai/codex-win32-arm64": {
      "name": "@openai/codex",
      "version": "0.111.0-win32-arm64",
      "resolved": "https://registry.npmjs.org/@openai/codex/-/codex-0.111.0-win32-arm64.tgz",
      "integrity": "sha512-h6WaA/ixD9ucwcmSUbXpjmhyfptD6Yk3N2IynNjOCvqgXS3V7uaNTm6qHFgkvA9S2IbkS9gA+ydgxFVyU6w7eQ==",
      "cpu": [
        "arm64"
      ],
      "optional": true,
      "os": [
        "win32"
      ],
      "engines": {
        "node": ">=16"
      }
    },
    "node_modules/@openai/codex-win32-x64": {
      "name": "@openai/codex",
      "version": "0.111.0-win32-x64",
      "resolved": "https://registry.npmjs.org/@openai/codex/-/codex-0.111.0-win32-x64.tgz",
      "integrity": "sha512-jWCcI8Nv8kpr29VWmTrNpRw9zMGAc4sqy94mw13OgOcFcDtnuqdjtaJAswKHrZZbdT+kqDDZmi7Gvi/vsahvDA==",
      "cpu": [
        "x64"
      ],
      "optional": true,
      "os": [
        "win32"
      ],
      "engines": {
        "node": ">=16"
      }
    }
  }
}
