{
  "name": "orchid-codex-sdk-bridge",
  "lockfileVersion": 3,
  "requires": true,
  "packages": {
    "": {
      "name": "orchid-codex-sdk-bridge",
      "dependencies": {
        "@openai/codex": "0.140.0"
      }
    },
    "node_modules/@openai/codex": {
      "version": "0.140.0",
      "resolved": "https://registry.npmjs.org/@openai/codex/-/codex-0.140.0.tgz",
      "integrity": "sha512-FMnN12kJzVPljMTYRydLCNgd0cXXmVasNSfq2PtS42RMEIxoQ3dHtMvmno35hu2tfwrKNAAPCm4s+2PaFTEBGg==",
      "bin": {
        "codex": "bin/codex.js"
      },
      "engines": {
        "node": ">=16"
      },
      "optionalDependencies": {
        "@openai/codex-darwin-arm64": "npm:@openai/codex@0.140.0-darwin-arm64",
        "@openai/codex-darwin-x64": "npm:@openai/codex@0.140.0-darwin-x64",
        "@openai/codex-linux-arm64": "npm:@openai/codex@0.140.0-linux-arm64",
        "@openai/codex-linux-x64": "npm:@openai/codex@0.140.0-linux-x64",
        "@openai/codex-win32-arm64": "npm:@openai/codex@0.140.0-win32-arm64",
        "@openai/codex-win32-x64": "npm:@openai/codex@0.140.0-win32-x64"
      }
    },
    "node_modules/@openai/codex-darwin-arm64": {
      "name": "@openai/codex",
      "version": "0.140.0-darwin-arm64",
      "resolved": "https://registry.npmjs.org/@openai/codex/-/codex-0.140.0-darwin-arm64.tgz",
      "integrity": "sha512-KDyQHsxdc8FHZKziSBXs82ABgben/8lLPdhi2Nu+wj6qs2RAp4k/IvE8foafVnp3OeGqhtEFbhlZp0H4Dg/Slg==",
      "cpu": [
        "arm64"
      ],
      "optional": true,
      "os": [
        "darwin"
      ],
      "engines": {
        "node": ">=16"
      }
    },
    "node_modules/@openai/codex-darwin-x64": {
      "name": "@openai/codex",
      "version": "0.140.0-darwin-x64",
      "resolved": "https://registry.npmjs.org/@openai/codex/-/codex-0.140.0-darwin-x64.tgz",
      "integrity": "sha512-xA77AcKbP8BKxKqaJz8bqXtU1dUtanEKpWCMJ68LuYU054EC31BD7NftFe5/vpLUQR95fhRr7V9a91SLtCuLAg==",
      "cpu": [
        "x64"
      ],
      "optional": true,
      "os": [
        "darwin"
      ],
      "engines": {
        "node": ">=16"
      }
    },
    "node_modules/@openai/codex-linux-arm64": {
      "name": "@openai/codex",
      "version": "0.140.0-linux-arm64",
      "resolved": "https://registry.npmjs.org/@openai/codex/-/codex-0.140.0-linux-arm64.tgz",
      "integrity": "sha512-rGOgWEONilm+pQoQgcGpPRzvnou1CawyBOe8gvtuS32PQ00Pn+9nZF4O7iKBVlNh6Jeun8kpdJSjFdULm2wr4A==",
      "cpu": [
        "arm64"
      ],
      "optional": true,
      "os": [
        "linux"
      ],
      "engines": {
        "node": ">=16"
      }
    },
    "node_modules/@openai/codex-linux-x64": {
      "name": "@openai/codex",
      "version": "0.140.0-linux-x64",
      "resolved": "https://registry.npmjs.org/@openai/codex/-/codex-0.140.0-linux-x64.tgz",
      "integrity": "sha512-7+N/cHB74nsDkOoL+VQVFVFRlfGj6GFSIAQHgs9DQIsvG+UdzWgUeeDE3l926taJqmzcP9NH8bysptKlZ2Ff6g==",
      "cpu": [
        "x64"
      ],
      "optional": true,
      "os": [
        "linux"
      ],
      "engines": {
        "node": ">=16"
      }
    },
    "node_modules/@openai/codex-win32-arm64": {
      "name": "@openai/codex",
      "version": "0.140.0-win32-arm64",
      "resolved": "https://registry.npmjs.org/@openai/codex/-/codex-0.140.0-win32-arm64.tgz",
      "integrity": "sha512-vs5Ed5OF+4671SZoO0MN5WoHl/K9aOSNzLgzbyyDyM7Jwm/PZYvF6OmIPRWf5AGatYqEOWt8Ovp5+df5PFPM7A==",
      "cpu": [
        "arm64"
      ],
      "optional": true,
      "os": [
        "win32"
      ],
      "engines": {
        "node": ">=16"
      }
    },
    "node_modules/@openai/codex-win32-x64": {
      "name": "@openai/codex",
      "version": "0.140.0-win32-x64",
      "resolved": "https://registry.npmjs.org/@openai/codex/-/codex-0.140.0-win32-x64.tgz",
      "integrity": "sha512-dP+nzd8UQ3Gdby+F5x0Sxd0hu6V9s6/cZYFsGtmmA6eCpU+IIu5tCOnUfgSu5HDw4BvXg046yd8Ihy5bOhwO4A==",
      "cpu": [
        "x64"
      ],
      "optional": true,
      "os": [
        "win32"
      ],
      "engines": {
        "node": ">=16"
      }
    }
  }
}
